
Microsoft Visual Studio Solution File, Format Version 12.00
# Visual Studio Version 17
VisualStudioVersion = 17.9.34728.123
MinimumVisualStudioVersion = 10.0.40219.1
Project("{9A19103F-16F7-4668-BE54-9A1E7A4F7556}") = "ValleyGifts", "ValleyGifts.csproj", "{EF9644E4-3D1F-4463-969C-8F214E593714}"
EndProject
Project("{9A19103F-16F7-4668-BE54-9A1E7A4F7556}") = "SMUI", "..\SMUI\SMUI.csproj", "{797AF7E8-05DC-45D3-B20B-A0A94A5D936C}"
EndProject
Global
	GlobalSection(SolutionConfigurationPlatforms) = preSolution
		Debug|Any CPU = Debug|Any CPU
		Release|Any CPU = Release|Any CPU
	EndGlobalSection
	GlobalSection(ProjectConfigurationPlatforms) = postSolution
		{EF9644E4-3D1F-4463-969C-8F214E593714}.Debug|Any CPU.ActiveCfg = Debug|Any CPU
		{EF9644E4-3D1F-4463-969C-8F214E593714}.Debug|Any CPU.Build.0 = Debug|Any CPU
		{EF9644E4-3D1F-4463-969C-8F214E593714}.Release|Any CPU.ActiveCfg = Release|Any CPU
		{EF9644E4-3D1F-4463-969C-8F214E593714}.Release|Any CPU.Build.0 = Release|Any CPU
		{797AF7E8-05DC-45D3-B20B-A0A94A5D936C}.Debug|Any CPU.ActiveCfg = Debug|Any CPU
		{797AF7E8-05DC-45D3-B20B-A0A94A5D936C}.Debug|Any CPU.Build.0 = Debug|Any CPU
		{797AF7E8-05DC-45D3-B20B-A0A94A5D936C}.Release|Any CPU.ActiveCfg = Release|Any CPU
		{797AF7E8-05DC-45D3-B20B-A0A94A5D936C}.Release|Any CPU.Build.0 = Release|Any CPU
	EndGlobalSection
	GlobalSection(SolutionProperties) = preSolution
		HideSolutionNode = FALSE
	EndGlobalSection
	GlobalSection(ExtensibilityGlobals) = postSolution
		SolutionGuid = {DBD418D6-11E4-4A8D-87FE-EA4ABA3D89B0}
	EndGlobalSection
EndGlobal
